// !$*UTF8*$!
{
	archiveVersion = 1;
	classes = {
	};
	objectVersion = 46;
	objects = {

/* Begin PBXBuildFile section */
		2E3AD7311B0F704B00001563 /* TimelineHeaderView.m in Sources */ = {isa = PBXBuildFile; fileRef = 2E3AD7301B0F704B00001563 /* TimelineHeaderView.m */; };
		2E402EF91B1297EE001B4427 /* ScaleCollectionViewCell.m in Sources */ = {isa = PBXBuildFile; fileRef = 2E402EF81B1297EE001B4427 /* ScaleCollectionViewCell.m */; };
		2E4442C91BAAF4A900EAB156 /* LaunchScreen.storyboard in Resources */ = {isa = PBXBuildFile; fileRef = 2E4442C81BAAF4A900EAB156 /* LaunchScreen.storyboard */; };
		2E4A53821A92030A00972715 /* main.m in Sources */ = {isa = PBXBuildFile; fileRef = 2E4A53811A92030A00972715 /* main.m */; };
		2E4A53851A92030A00972715 /* AppDelegate.m in Sources */ = {isa = PBXBuildFile; fileRef = 2E4A53841A92030A00972715 /* AppDelegate.m */; };
		2E4A53881A92030A00972715 /* Timeline.m in Sources */ = {isa = PBXBuildFile; fileRef = 2E4A53871A92030A00972715 /* Timeline.m */; };
		2E4A538B1A92030A00972715 /* SecondViewController.m in Sources */ = {isa = PBXBuildFile; fileRef = 2E4A538A1A92030A00972715 /* SecondViewController.m */; };
		2E4A538E1A92030A00972715 /* Main.storyboard in Resources */ = {isa = PBXBuildFile; fileRef = 2E4A538C1A92030A00972715 /* Main.storyboard */; };
		2E4A53901A92030A00972715 /* Images.xcassets in Resources */ = {isa = PBXBuildFile; fileRef = 2E4A538F1A92030A00972715 /* Images.xcassets */; };
		2E4A539F1A92030A00972715 /* EspresshotsTests.m in Sources */ = {isa = PBXBuildFile; fileRef = 2E4A539E1A92030A00972715 /* EspresshotsTests.m */; };
		2E4A53A91A920A3900972715 /* HealthKit.framework in Frameworks */ = {isa = PBXBuildFile; fileRef = 2E4A53A81A920A3900972715 /* HealthKit.framework */; };
		2E4A53AD1A920DC000972715 /* App.m in Sources */ = {isa = PBXBuildFile; fileRef = 2E4A53AC1A920DC000972715 /* App.m */; };
		2ED6A1101BAB5CC400C8CBD9 /* SettingsTVC.m in Sources */ = {isa = PBXBuildFile; fileRef = 2ED6A10F1BAB5CC400C8CBD9 /* SettingsTVC.m */; };
/* End PBXBuildFile section */

/* Begin PBXContainerItemProxy section */
		2E4A53991A92030A00972715 /* PBXContainerItemProxy */ = {
			isa = PBXContainerItemProxy;
			containerPortal = 2E4A53741A92030A00972715 /* Project object */;
			proxyType = 1;
			remoteGlobalIDString = 2E4A537B1A92030A00972715;
			remoteInfo = Espresshots;
		};
/* End PBXContainerItemProxy section */

/* Begin PBXFileReference section */
		2E3AD72F1B0F704B00001563 /* TimelineHeaderView.h */ = {isa = PBXFileReference; fileEncoding = 4; lastKnownFileType = sourcecode.c.h; path = TimelineHeaderView.h; sourceTree = "<group>"; };
		2E3AD7301B0F704B00001563 /* TimelineHeaderView.m */ = {isa = PBXFileReference; fileEncoding = 4; lastKnownFileType = sourcecode.c.objc; path = TimelineHeaderView.m; sourceTree = "<group>"; };
		2E402EF71B1297EE001B4427 /* ScaleCollectionViewCell.h */ = {isa = PBXFileReference; fileEncoding = 4; lastKnownFileType = sourcecode.c.h; path = ScaleCollectionViewCell.h; sourceTree = "<group>"; };
		2E402EF81B1297EE001B4427 /* ScaleCollectionViewCell.m */ = {isa = PBXFileReference; fileEncoding = 4; lastKnownFileType = sourcecode.c.objc; path = ScaleCollectionViewCell.m; sourceTree = "<group>"; };
		2E4442C81BAAF4A900EAB156 /* LaunchScreen.storyboard */ = {isa = PBXFileReference; fileEncoding = 4; lastKnownFileType = file.storyboard; path = LaunchScreen.storyboard; sourceTree = "<group>"; };
		2E4A537C1A92030A00972715 /* Espresshots.app */ = {isa = PBXFileReference; explicitFileType = wrapper.application; includeInIndex = 0; path = Espresshots.app; sourceTree = BUILT_PRODUCTS_DIR; };
		2E4A53801A92030A00972715 /* Info.plist */ = {isa = PBXFileReference; lastKnownFileType = text.plist.xml; path = Info.plist; sourceTree = "<group>"; };
		2E4A53811A92030A00972715 /* main.m */ = {isa = PBXFileReference; lastKnownFileType = sourcecode.c.objc; path = main.m; sourceTree = "<group>"; };
		2E4A53831A92030A00972715 /* AppDelegate.h */ = {isa = PBXFileReference; lastKnownFileType = sourcecode.c.h; path = AppDelegate.h; sourceTree = "<group>"; };
		2E4A53841A92030A00972715 /* AppDelegate.m */ = {isa = PBXFileReference; lastKnownFileType = sourcecode.c.objc; path = AppDelegate.m; sourceTree = "<group>"; };
		2E4A53861A92030A00972715 /* Timeline.h */ = {isa = PBXFileReference; lastKnownFileType = sourcecode.c.h; path = Timeline.h; sourceTree = "<group>"; };
		2E4A53871A92030A00972715 /* Timeline.m */ = {isa = PBXFileReference; lastKnownFileType = sourcecode.c.objc; path = Timeline.m; sourceTree = "<group>"; };
		2E4A53891A92030A00972715 /* SecondViewController.h */ = {isa = PBXFileReference; lastKnownFileType = sourcecode.c.h; path = SecondViewController.h; sourceTree = "<group>"; };
		2E4A538A1A92030A00972715 /* SecondViewController.m */ = {isa = PBXFileReference; lastKnownFileType = sourcecode.c.objc; path = SecondViewController.m; sourceTree = "<group>"; };
		2E4A538D1A92030A00972715 /* Base */ = {isa = PBXFileReference; lastKnownFileType = file.storyboard; name = Base; path = Base.lproj/Main.storyboard; sourceTree = "<group>"; };
		2E4A538F1A92030A00972715 /* Images.xcassets */ = {isa = PBXFileReference; lastKnownFileType = folder.assetcatalog; path = Images.xcassets; sourceTree = "<group>"; };
		2E4A53981A92030A00972715 /* EspresshotsTests.xctest */ = {isa = PBXFileReference; explicitFileType = wrapper.cfbundle; includeInIndex = 0; path = EspresshotsTests.xctest; sourceTree = BUILT_PRODUCTS_DIR; };
		2E4A539D1A92030A00972715 /* Info.plist */ = {isa = PBXFileReference; lastKnownFileType = text.plist.xml; path = Info.plist; sourceTree = "<group>"; };
		2E4A539E1A92030A00972715 /* EspresshotsTests.m */ = {isa = PBXFileReference; lastKnownFileType = sourcecode.c.objc; path = EspresshotsTests.m; sourceTree = "<group>"; };
		2E4A53A81A920A3900972715 /* HealthKit.framework */ = {isa = PBXFileReference; lastKnownFileType = wrapper.framework; name = HealthKit.framework; path = System/Library/Frameworks/HealthKit.framework; sourceTree = SDKROOT; };
		2E4A53AA1A920A3900972715 /* Espresshots.entitlements */ = {isa = PBXFileReference; lastKnownFileType = text.xml; path = Espresshots.entitlements; sourceTree = "<group>"; };
		2E4A53AB1A920DC000972715 /* App.h */ = {isa = PBXFileReference; fileEncoding = 4; lastKnownFileType = sourcecode.c.h; path = App.h; sourceTree = "<group>"; };
		2E4A53AC1A920DC000972715 /* App.m */ = {isa = PBXFileReference; fileEncoding = 4; lastKnownFileType = sourcecode.c.objc; path = App.m; sourceTree = "<group>"; };
		2ED6A10E1BAB5CC400C8CBD9 /* SettingsTVC.h */ = {isa = PBXFileReference; fileEncoding = 4; lastKnownFileType = sourcecode.c.h; path = SettingsTVC.h; sourceTree = "<group>"; };
		2ED6A10F1BAB5CC400C8CBD9 /* SettingsTVC.m */ = {isa = PBXFileReference; fileEncoding = 4; lastKnownFileType = sourcecode.c.objc; path = SettingsTVC.m; sourceTree = "<group>"; };
/* End PBXFileReference section */

/* Begin PBXFrameworksBuildPhase section */
		2E4A53791A92030A00972715 /* Frameworks */ = {
			isa = PBXFrameworksBuildPhase;
			buildActionMask = 2147483647;
			files = (
				2E4A53A91A920A3900972715 /* HealthKit.framework in Frameworks */,
			);
			runOnlyForDeploymentPostprocessing = 0;
		};
		2E4A53951A92030A00972715 /* Frameworks */ = {
			isa = PBXFrameworksBuildPhase;
			buildActionMask = 2147483647;
			files = (
			);
			runOnlyForDeploymentPostprocessing = 0;
		};
/* End PBXFrameworksBuildPhase section */

/* Begin PBXGroup section */
		2E3AA1421A922E8700265BB9 /* Screens */ = {
			isa = PBXGroup;
			children = (
				2E402EF71B1297EE001B4427 /* ScaleCollectionViewCell.h */,
				2E402EF81B1297EE001B4427 /* ScaleCollectionViewCell.m */,
				2E4A53891A92030A00972715 /* SecondViewController.h */,
				2E4A538A1A92030A00972715 /* SecondViewController.m */,
				2E4A53861A92030A00972715 /* Timeline.h */,
				2E4A53871A92030A00972715 /* Timeline.m */,
				2ED6A10E1BAB5CC400C8CBD9 /* SettingsTVC.h */,
				2ED6A10F1BAB5CC400C8CBD9 /* SettingsTVC.m */,
				2E3AD72F1B0F704B00001563 /* TimelineHeaderView.h */,
				2E3AD7301B0F704B00001563 /* TimelineHeaderView.m */,
			);
			name = Screens;
			sourceTree = "<group>";
		};
		2E3AA1431A922EA400265BB9 /* Storyboards */ = {
			isa = PBXGroup;
			children = (
				2E4A538C1A92030A00972715 /* Main.storyboard */,
				2E4442C81BAAF4A900EAB156 /* LaunchScreen.storyboard */,
			);
			name = Storyboards;
			sourceTree = "<group>";
		};
		2E4A53731A92030A00972715 = {
			isa = PBXGroup;
			children = (
				2E4A53A81A920A3900972715 /* HealthKit.framework */,
				2E4A537E1A92030A00972715 /* Espresshots */,
				2E4A539B1A92030A00972715 /* EspresshotsTests */,
				2E4A537D1A92030A00972715 /* Products */,
			);
			sourceTree = "<group>";
		};
		2E4A537D1A92030A00972715 /* Products */ = {
			isa = PBXGroup;
			children = (
				2E4A537C1A92030A00972715 /* Espresshots.app */,
				2E4A53981A92030A00972715 /* EspresshotsTests.xctest */,
			);
			name = Products;
			sourceTree = "<group>";
		};
		2E4A537E1A92030A00972715 /* Espresshots */ = {
			isa = PBXGroup;
			children = (
				2E4A53831A92030A00972715 /* AppDelegate.h */,
				2E4A53841A92030A00972715 /* AppDelegate.m */,
				2E3AA1421A922E8700265BB9 /* Screens */,
				2E3AA1431A922EA400265BB9 /* Storyboards */,
				2E4A537F1A92030A00972715 /* Supporting Files */,
				2E4A53AB1A920DC000972715 /* App.h */,
				2E4A53AC1A920DC000972715 /* App.m */,
			);
			path = Espresshots;
			sourceTree = "<group>";
		};
		2E4A537F1A92030A00972715 /* Supporting Files */ = {
			isa = PBXGroup;
			children = (
				2E4A538F1A92030A00972715 /* Images.xcassets */,
				2E4A53AA1A920A3900972715 /* Espresshots.entitlements */,
				2E4A53801A92030A00972715 /* Info.plist */,
				2E4A53811A92030A00972715 /* main.m */,
			);
			name = "Supporting Files";
			sourceTree = "<group>";
		};
		2E4A539B1A92030A00972715 /* EspresshotsTests */ = {
			isa = PBXGroup;
			children = (
				2E4A539E1A92030A00972715 /* EspresshotsTests.m */,
				2E4A539C1A92030A00972715 /* Supporting Files */,
			);
			path = EspresshotsTests;
			sourceTree = "<group>";
		};
		2E4A539C1A92030A00972715 /* Supporting Files */ = {
			isa = PBXGroup;
			children = (
				2E4A539D1A92030A00972715 /* Info.plist */,
			);
			name = "Supporting Files";
			sourceTree = "<group>";
		};
/* End PBXGroup section */

/* Begin PBXNativeTarget section */
		2E4A537B1A92030A00972715 /* Espresshots */ = {
			isa = PBXNativeTarget;
			buildConfigurationList = 2E4A53A21A92030A00972715 /* Build configuration list for PBXNativeTarget "Espresshots" */;
			buildPhases = (
				2E4A53781A92030A00972715 /* Sources */,
				2E4A53791A92030A00972715 /* Frameworks */,
				2E4A537A1A92030A00972715 /* Resources */,
			);
			buildRules = (
			);
			dependencies = (
			);
			name = Espresshots;
			productName = Espresshots;
			productReference = 2E4A537C1A92030A00972715 /* Espresshots.app */;
			productType = "com.apple.product-type.application";
		};
		2E4A53971A92030A00972715 /* EspresshotsTests */ = {
			isa = PBXNativeTarget;
			buildConfigurationList = 2E4A53A51A92030A00972715 /* Build configuration list for PBXNativeTarget "EspresshotsTests" */;
			buildPhases = (
				2E4A53941A92030A00972715 /* Sources */,
				2E4A53951A92030A00972715 /* Frameworks */,
				2E4A53961A92030A00972715 /* Resources */,
			);
			buildRules = (
			);
			dependencies = (
				2E4A539A1A92030A00972715 /* PBXTargetDependency */,
			);
			name = EspresshotsTests;
			productName = EspresshotsTests;
			productReference = 2E4A53981A92030A00972715 /* EspresshotsTests.xctest */;
			productType = "com.apple.product-type.bundle.unit-test";
		};
/* End PBXNativeTarget section */

/* Begin PBXProject section */
		2E4A53741A92030A00972715 /* Project object */ = {
			isa = PBXProject;
			attributes = {
				LastUpgradeCheck = 0700;
				ORGANIZATIONNAME = gl;
				TargetAttributes = {
					2E4A537B1A92030A00972715 = {
						CreatedOnToolsVersion = 6.2;
						DevelopmentTeam = 38QFH693YQ;
						SystemCapabilities = {
							com.apple.HealthKit = {
								enabled = 1;
							};
						};
					};
					2E4A53971A92030A00972715 = {
						CreatedOnToolsVersion = 6.2;
						TestTargetID = 2E4A537B1A92030A00972715;
					};
				};
			};
			buildConfigurationList = 2E4A53771A92030A00972715 /* Build configuration list for PBXProject "Espresshots" */;
			compatibilityVersion = "Xcode 3.2";
			developmentRegion = English;
			hasScannedForEncodings = 0;
			knownRegions = (
				en,
				Base,
			);
			mainGroup = 2E4A53731A92030A00972715;
			productRefGroup = 2E4A537D1A92030A00972715 /* Products */;
			projectDirPath = "";
			projectRoot = "";
			targets = (
				2E4A537B1A92030A00972715 /* Espresshots */,
				2E4A53971A92030A00972715 /* EspresshotsTests */,
			);
		};
/* End PBXProject section */

/* Begin PBXResourcesBuildPhase section */
		2E4A537A1A92030A00972715 /* Resources */ = {
			isa = PBXResourcesBuildPhase;
			buildActionMask = 2147483647;
			files = (
				2E4A538E1A92030A00972715 /* Main.storyboard in Resources */,
				2E4442C91BAAF4A900EAB156 /* LaunchScreen.storyboard in Resources */,
				2E4A53901A92030A00972715 /* Images.xcassets in Resources */,
			);
			runOnlyForDeploymentPostprocessing = 0;
		};
		2E4A53961A92030A00972715 /* Resources */ = {
			isa = PBXResourcesBuildPhase;
			buildActionMask = 2147483647;
			files = (
			);
			runOnlyForDeploymentPostprocessing = 0;
		};
/* End PBXResourcesBuildPhase section */

/* Begin PBXSourcesBuildPhase section */
		2E4A53781A92030A00972715 /* Sources */ = {
			isa = PBXSourcesBuildPhase;
			buildActionMask = 2147483647;
			files = (
				2E4A538B1A92030A00972715 /* SecondViewController.m in Sources */,
				2E4A53851A92030A00972715 /* AppDelegate.m in Sources */,
				2E3AD7311B0F704B00001563 /* TimelineHeaderView.m in Sources */,
				2E402EF91B1297EE001B4427 /* ScaleCollectionViewCell.m in Sources */,
				2E4A53AD1A920DC000972715 /* App.m in Sources */,
				2E4A53881A92030A00972715 /* Timeline.m in Sources */,
				2ED6A1101BAB5CC400C8CBD9 /* SettingsTVC.m in Sources */,
				2E4A53821A92030A00972715 /* main.m in Sources */,
			);
			runOnlyForDeploymentPostprocessing = 0;
		};
		2E4A53941A92030A00972715 /* Sources */ = {
			isa = PBXSourcesBuildPhase;
			buildActionMask = 2147483647;
			files = (
				2E4A539F1A92030A00972715 /* EspresshotsTests.m in Sources */,
			);
			runOnlyForDeploymentPostprocessing = 0;
		};
/* End PBXSourcesBuildPhase section */

/* Begin PBXTargetDependency section */
		2E4A539A1A92030A00972715 /* PBXTargetDependency */ = {
			isa = PBXTargetDependency;
			target = 2E4A537B1A92030A00972715 /* Espresshots */;
			targetProxy = 2E4A53991A92030A00972715 /* PBXContainerItemProxy */;
		};
/* End PBXTargetDependency section */

/* Begin PBXVariantGroup section */
		2E4A538C1A92030A00972715 /* Main.storyboard */ = {
			isa = PBXVariantGroup;
			children = (
				2E4A538D1A92030A00972715 /* Base */,
			);
			name = Main.storyboard;
			sourceTree = "<group>";
		};
/* End PBXVariantGroup section */

/* Begin XCBuildConfiguration section */
		2E4A53A01A92030A00972715 /* Debug */ = {
			isa = XCBuildConfiguration;
			buildSettings = {
				ALWAYS_SEARCH_USER_PATHS = NO;
				CLANG_CXX_LANGUAGE_STANDARD = "gnu++0x";
				CLANG_CXX_LIBRARY = "libc++";
				CLANG_ENABLE_MODULES = YES;
				CLANG_ENABLE_OBJC_ARC = YES;
				CLANG_WARN_BOOL_CONVERSION = YES;
				CLANG_WARN_CONSTANT_CONVERSION = YES;
				CLANG_WARN_DIRECT_OBJC_ISA_USAGE = YES_ERROR;
				CLANG_WARN_EMPTY_BODY = YES;
				CLANG_WARN_ENUM_CONVERSION = YES;
				CLANG_WARN_INT_CONVERSION = YES;
				CLANG_WARN_OBJC_ROOT_CLASS = YES_ERROR;
				CLANG_WARN_UNREACHABLE_CODE = YES;
				CLANG_WARN__DUPLICATE_METHOD_MATCH = YES;
				"CODE_SIGN_IDENTITY[sdk=iphoneos*]" = "iPhone Developer";
				COPY_PHASE_STRIP = NO;
				ENABLE_STRICT_OBJC_MSGSEND = YES;
				ENABLE_TESTABILITY = YES;
				GCC_C_LANGUAGE_STANDARD = gnu99;
				GCC_DYNAMIC_NO_PIC = NO;
				GCC_OPTIMIZATION_LEVEL = 0;
				GCC_PREPROCESSOR_DEFINITIONS = (
					"DEBUG=1",
					"$(inherited)",
				);
				GCC_SYMBOLS_PRIVATE_EXTERN = NO;
				GCC_WARN_64_TO_32_BIT_CONVERSION = YES;
				GCC_WARN_ABOUT_RETURN_TYPE = YES_ERROR;
				GCC_WARN_UNDECLARED_SELECTOR = YES;
				GCC_WARN_UNINITIALIZED_AUTOS = YES_AGGRESSIVE;
				GCC_WARN_UNUSED_FUNCTION = YES;
				GCC_WARN_UNUSED_VARIABLE = YES;
				IPHONEOS_DEPLOYMENT_TARGET = 8.2;
				MTL_ENABLE_DEBUG_INFO = YES;
				ONLY_ACTIVE_ARCH = YES;
				SDKROOT = iphoneos;
				TARGETED_DEVICE_FAMILY = "1,2";
			};
			name = Debug;
		};
		2E4A53A11A92030A00972715 /* Release */ = {
			isa = XCBuildConfiguration;
			buildSettings = {
				ALWAYS_SEARCH_USER_PATHS = NO;
				CLANG_CXX_LANGUAGE_STANDARD = "gnu++0x";
				CLANG_CXX_LIBRARY = "libc++";
				CLANG_ENABLE_MODULES = YES;
				CLANG_ENABLE_OBJC_ARC = YES;
				CLANG_WARN_BOOL_CONVERSION = YES;
				CLANG_WARN_CONSTANT_CONVERSION = YES;
				CLANG_WARN_DIRECT_OBJC_ISA_USAGE = YES_ERROR;
				CLANG_WARN_EMPTY_BODY = YES;
				CLANG_WARN_ENUM_CONVERSION = YES;
				CLANG_WARN_INT_CONVERSION = YES;
				CLANG_WARN_OBJC_ROOT_CLASS = YES_ERROR;
				CLANG_WARN_UNREACHABLE_CODE = YES;
				CLANG_WARN__DUPLICATE_METHOD_MATCH = YES;
				"CODE_SIGN_IDENTITY[sdk=iphoneos*]" = "iPhone Developer";
				COPY_PHASE_STRIP = NO;
				ENABLE_NS_ASSERTIONS = NO;
				ENABLE_STRICT_OBJC_MSGSEND = YES;
				GCC_C_LANGUAGE_STANDARD = gnu99;
				GCC_WARN_64_TO_32_BIT_CONVERSION = YES;
				GCC_WARN_ABOUT_RETURN_TYPE = YES_ERROR;
				GCC_WARN_UNDECLARED_SELECTOR = YES;
				GCC_WARN_UNINITIALIZED_AUTOS = YES_AGGRESSIVE;
				GCC_WARN_UNUSED_FUNCTION = YES;
				GCC_WARN_UNUSED_VARIABLE = YES;
				IPHONEOS_DEPLOYMENT_TARGET = 8.2;
				MTL_ENABLE_DEBUG_INFO = NO;
				SDKROOT = iphoneos;
				TARGETED_DEVICE_FAMILY = "1,2";
				VALIDATE_PRODUCT = YES;
			};
			name = Release;
		};
		2E4A53A31A92030A00972715 /* Debug */ = {
			isa = XCBuildConfiguration;
			buildSettings = {
				ASSETCATALOG_COMPILER_APPICON_NAME = AppIcon;
				CODE_SIGN_ENTITLEMENTS = Espresshots/Espresshots.entitlements;
				CODE_SIGN_IDENTITY = "iPhone Developer";
				"CODE_SIGN_IDENTITY[sdk=iphoneos*]" = "iPhone Developer";
				INFOPLIST_FILE = Espresshots/Info.plist;
				IPHONEOS_DEPLOYMENT_TARGET = 8.0;
				LD_RUNPATH_SEARCH_PATHS = "$(inherited) @executable_path/Frameworks";
				PRODUCT_BUNDLE_IDENTIFIER = com.instasoda.espresshots;
				PRODUCT_NAME = "$(TARGET_NAME)";
				PROVISIONING_PROFILE = "";
				TARGETED_DEVICE_FAMILY = 1;
			};
			name = Debug;
		};
		2E4A53A41A92030A00972715 /* Release */ = {
			isa = XCBuildConfiguration;
			buildSettings = {
				ASSETCATALOG_COMPILER_APPICON_NAME = AppIcon;
				CODE_SIGN_ENTITLEMENTS = Espresshots/Espresshots.entitlements;
				CODE_SIGN_IDENTITY = "iPhone Developer";
				"CODE_SIGN_IDENTITY[sdk=iphoneos*]" = "iPhone Developer";
				INFOPLIST_FILE = Espresshots/Info.plist;
				IPHONEOS_DEPLOYMENT_TARGET = 8.0;
				LD_RUNPATH_SEARCH_PATHS = "$(inherited) @executable_path/Frameworks";
				PRODUCT_BUNDLE_IDENTIFIER = com.instasoda.espresshots;
				PRODUCT_NAME = "$(TARGET_NAME)";
				PROVISIONING_PROFILE = "";
				TARGETED_DEVICE_FAMILY = 1;
			};
			name = Release;
		};
		2E4A53A61A92030A00972715 /* Debug */ = {
			isa = XCBuildConfiguration;
			buildSettings = {
				BUNDLE_LOADER = "$(TEST_HOST)";
				FRAMEWORK_SEARCH_PATHS = (
					"$(SDKROOT)/Developer/Library/Frameworks",
					"$(inherited)",
				);
				GCC_PREPROCESSOR_DEFINITIONS = (
					"DEBUG=1",
					"$(inherited)",
				);
				INFOPLIST_FILE = EspresshotsTests/Info.plist;
				IPHONEOS_DEPLOYMENT_TARGET = 8.1;
				LD_RUNPATH_SEARCH_PATHS = "$(inherited) @executable_path/Frameworks @loader_path/Frameworks";
				PRODUCT_BUNDLE_IDENTIFIER = "gl.$(PRODUCT_NAME:rfc1034identifier)";
				PRODUCT_NAME = "$(TARGET_NAME)";
				TEST_HOST = "$(BUILT_PRODUCTS_DIR)/Espresshots.app/Espresshots";
			};
			name = Debug;
		};
		2E4A53A71A92030A00972715 /* Release */ = {
			isa = XCBuildConfiguration;
			buildSettings = {
				BUNDLE_LOADER = "$(TEST_HOST)";
				FRAMEWORK_SEARCH_PATHS = (
					"$(SDKROOT)/Developer/Library/Frameworks",
					"$(inherited)",
				);
				INFOPLIST_FILE = EspresshotsTests/Info.plist;
				IPHONEOS_DEPLOYMENT_TARGET = 8.1;
				LD_RUNPATH_SEARCH_PATHS = "$(inherited) @executable_path/Frameworks @loader_path/Frameworks";
				PRODUCT_BUNDLE_IDENTIFIER = "gl.$(PRODUCT_NAME:rfc1034identifier)";
				PRODUCT_NAME = "$(TARGET_NAME)";
				TEST_HOST = "$(BUILT_PRODUCTS_DIR)/Espresshots.app/Espresshots";
			};
			name = Release;
		};
/* End XCBuildConfiguration section */

/* Begin XCConfigurationList section */
		2E4A53771A92030A00972715 /* Build configuration list for PBXProject "Espresshots" */ = {
			isa = XCConfigurationList;
			buildConfigurations = (
				2E4A53A01A92030A00972715 /* Debug */,
				2E4A53A11A92030A00972715 /* Release */,
			);
			defaultConfigurationIsVisible = 0;
			defaultConfigurationName = Release;
		};
		2E4A53A21A92030A00972715 /* Build configuration list for PBXNativeTarget "Espresshots" */ = {
			isa = XCConfigurationList;
			buildConfigurations = (
				2E4A53A31A92030A00972715 /* Debug */,
				2E4A53A41A92030A00972715 /* Release */,
			);
			defaultConfigurationIsVisible = 0;
			defaultConfigurationName = Release;
		};
		2E4A53A51A92030A00972715 /* Build configuration list for PBXNativeTarget "EspresshotsTests" */ = {
			isa = XCConfigurationList;
			buildConfigurations = (
				2E4A53A61A92030A00972715 /* Debug */,
				2E4A53A71A92030A00972715 /* Release */,
			);
			defaultConfigurationIsVisible = 0;
			defaultConfigurationName = Release;
		};
/* End XCConfigurationList section */
	};
	rootObject = 2E4A53741A92030A00972715 /* Project object */;
}
